// !$*UTF8*$!
{
	archiveVersion = 1;
	classes = {
	};
	objectVersion = 56;
	objects = {

/* Begin PBXBuildFile section */
		92D235D1291D762B003B2CD1 /* ImageSearchApp.swift in Sources */ = {isa = PBXBuildFile; fileRef = 92D235D0291D762B003B2CD1 /* ImageSearchApp.swift */; };
		92D235D3291D762B003B2CD1 /* ContentView.swift in Sources */ = {isa = PBXBuildFile; fileRef = 92D235D2291D762B003B2CD1 /* ContentView.swift */; };
		92D235D5291D762D003B2CD1 /* Assets.xcassets in Resources */ = {isa = PBXBuildFile; fileRef = 92D235D4291D762D003B2CD1 /* Assets.xcassets */; };
		92D235D8291D762D003B2CD1 /* Preview Assets.xcassets in Resources */ = {isa = PBXBuildFile; fileRef = 92D235D7291D762D003B2CD1 /* Preview Assets.xcassets */; };
		92D235E5291FB59E003B2CD1 /* ImagesResult.swift in Sources */ = {isa = PBXBuildFile; fileRef = 92D235E4291FB59E003B2CD1 /* ImagesResult.swift */; };
		92D235E8291FB805003B2CD1 /* NetworkService.swift in Sources */ = {isa = PBXBuildFile; fileRef = 92D235E7291FB805003B2CD1 /* NetworkService.swift */; };
		92D235EA291FB854003B2CD1 /* Resource.swift in Sources */ = {isa = PBXBuildFile; fileRef = 92D235E9291FB854003B2CD1 /* Resource.swift */; };
		92D235EC291FB8BC003B2CD1 /* AppError.swift in Sources */ = {isa = PBXBuildFile; fileRef = 92D235EB291FB8BC003B2CD1 /* AppError.swift */; };
		92D235EF291FB9A7003B2CD1 /* ImagesScreen.swift in Sources */ = {isa = PBXBuildFile; fileRef = 92D235EE291FB9A7003B2CD1 /* ImagesScreen.swift */; };
		92D235F1291FB9D8003B2CD1 /* ImagesViewModel.swift in Sources */ = {isa = PBXBuildFile; fileRef = 92D235F0291FB9D8003B2CD1 /* ImagesViewModel.swift */; };
/* End PBXBuildFile section */

/* Begin PBXFileReference section */
		92D235CD291D762B003B2CD1 /* ImageSearch.app */ = {isa = PBXFileReference; explicitFileType = wrapper.application; includeInIndex = 0; path = ImageSearch.app; sourceTree = BUILT_PRODUCTS_DIR; };
		92D235D0291D762B003B2CD1 /* ImageSearchApp.swift */ = {isa = PBXFileReference; lastKnownFileType = sourcecode.swift; path = ImageSearchApp.swift; sourceTree = "<group>"; };
		92D235D2291D762B003B2CD1 /* ContentView.swift */ = {isa = PBXFileReference; lastKnownFileType = sourcecode.swift; path = ContentView.swift; sourceTree = "<group>"; };
		92D235D4291D762D003B2CD1 /* Assets.xcassets */ = {isa = PBXFileReference; lastKnownFileType = folder.assetcatalog; path = Assets.xcassets; sourceTree = "<group>"; };
		92D235D7291D762D003B2CD1 /* Preview Assets.xcassets */ = {isa = PBXFileReference; lastKnownFileType = folder.assetcatalog; path = "Preview Assets.xcassets"; sourceTree = "<group>"; };
		92D235E4291FB59E003B2CD1 /* ImagesResult.swift */ = {isa = PBXFileReference; lastKnownFileType = sourcecode.swift; path = ImagesResult.swift; sourceTree = "<group>"; };
		92D235E7291FB805003B2CD1 /* NetworkService.swift */ = {isa = PBXFileReference; lastKnownFileType = sourcecode.swift; path = NetworkService.swift; sourceTree = "<group>"; };
		92D235E9291FB854003B2CD1 /* Resource.swift */ = {isa = PBXFileReference; lastKnownFileType = sourcecode.swift; path = Resource.swift; sourceTree = "<group>"; };
		92D235EB291FB8BC003B2CD1 /* AppError.swift */ = {isa = PBXFileReference; lastKnownFileType = sourcecode.swift; path = AppError.swift; sourceTree = "<group>"; };
		92D235EE291FB9A7003B2CD1 /* ImagesScreen.swift */ = {isa = PBXFileReference; lastKnownFileType = sourcecode.swift; path = ImagesScreen.swift; sourceTree = "<group>"; };
		92D235F0291FB9D8003B2CD1 /* ImagesViewModel.swift */ = {isa = PBXFileReference; lastKnownFileType = sourcecode.swift; path = ImagesViewModel.swift; sourceTree = "<group>"; };
/* End PBXFileReference section */

/* Begin PBXFrameworksBuildPhase section */
		92D235CA291D762B003B2CD1 /* Frameworks */ = {
			isa = PBXFrameworksBuildPhase;
			buildActionMask = 2147483647;
			files = (
			);
			runOnlyForDeploymentPostprocessing = 0;
		};
/* End PBXFrameworksBuildPhase section */

/* Begin PBXGroup section */
		92D235C4291D762B003B2CD1 = {
			isa = PBXGroup;
			children = (
				92D235CF291D762B003B2CD1 /* ImageSearch */,
				92D235CE291D762B003B2CD1 /* Products */,
			);
			sourceTree = "<group>";
		};
		92D235CE291D762B003B2CD1 /* Products */ = {
			isa = PBXGroup;
			children = (
				92D235CD291D762B003B2CD1 /* ImageSearch.app */,
			);
			name = Products;
			sourceTree = "<group>";
		};
		92D235CF291D762B003B2CD1 /* ImageSearch */ = {
			isa = PBXGroup;
			children = (
				92D235DE291FB097003B2CD1 /* Errors */,
				92D235DF291FB0A3003B2CD1 /* Models */,
				92D235E0291FB0AF003B2CD1 /* Persistence */,
				92D235D6291D762D003B2CD1 /* Preview Content */,
				92D235E1291FB0CB003B2CD1 /* Resources */,
				92D235E2291FB0EB003B2CD1 /* Screens */,
				92D235E6291FB724003B2CD1 /* Services */,
				92D235E3291FB0FA003B2CD1 /* System */,
			);
			path = ImageSearch;
			sourceTree = "<group>";
		};
		92D235D6291D762D003B2CD1 /* Preview Content */ = {
			isa = PBXGroup;
			children = (
				92D235D7291D762D003B2CD1 /* Preview Assets.xcassets */,
			);
			path = "Preview Content";
			sourceTree = "<group>";
		};
		92D235DE291FB097003B2CD1 /* Errors */ = {
			isa = PBXGroup;
			children = (
				92D235EB291FB8BC003B2CD1 /* AppError.swift */,
			);
			path = Errors;
			sourceTree = "<group>";
		};
		92D235DF291FB0A3003B2CD1 /* Models */ = {
			isa = PBXGroup;
			children = (
				92D235E4291FB59E003B2CD1 /* ImagesResult.swift */,
			);
			path = Models;
			sourceTree = "<group>";
		};
		92D235E0291FB0AF003B2CD1 /* Persistence */ = {
			isa = PBXGroup;
			children = (
			);
			path = Persistence;
			sourceTree = "<group>";
		};
		92D235E1291FB0CB003B2CD1 /* Resources */ = {
			isa = PBXGroup;
			children = (
				92D235D4291D762D003B2CD1 /* Assets.xcassets */,
			);
			path = Resources;
			sourceTree = "<group>";
		};
		92D235E2291FB0EB003B2CD1 /* Screens */ = {
			isa = PBXGroup;
			children = (
				92D235ED291FB97F003B2CD1 /* Images */,
				92D235D2291D762B003B2CD1 /* ContentView.swift */,
			);
			path = Screens;
			sourceTree = "<group>";
		};
		92D235E3291FB0FA003B2CD1 /* System */ = {
			isa = PBXGroup;
			children = (
				92D235D0291D762B003B2CD1 /* ImageSearchApp.swift */,
			);
			path = System;
			sourceTree = "<group>";
		};
		92D235E6291FB724003B2CD1 /* Services */ = {
			isa = PBXGroup;
			children = (
				92D235E7291FB805003B2CD1 /* NetworkService.swift */,
				92D235E9291FB854003B2CD1 /* Resource.swift */,
			);
			path = Services;
			sourceTree = "<group>";
		};
		92D235ED291FB97F003B2CD1 /* Images */ = {
			isa = PBXGroup;
			children = (
				92D235EE291FB9A7003B2CD1 /* ImagesScreen.swift */,
				92D235F0291FB9D8003B2CD1 /* ImagesViewModel.swift */,
			);
			path = Images;
			sourceTree = "<group>";
		};
/* End PBXGroup section */

/* Begin PBXNativeTarget section */
		92D235CC291D762B003B2CD1 /* ImageSearch */ = {
			isa = PBXNativeTarget;
			buildConfigurationList = 92D235DB291D762D003B2CD1 /* Build configuration list for PBXNativeTarget "ImageSearch" */;
			buildPhases = (
				92D235C9291D762B003B2CD1 /* Sources */,
				92D235CA291D762B003B2CD1 /* Frameworks */,
				92D235CB291D762B003B2CD1 /* Resources */,
			);
			buildRules = (
			);
			dependencies = (
			);
			name = ImageSearch;
			productName = ImageSearch;
			productReference = 92D235CD291D762B003B2CD1 /* ImageSearch.app */;
			productType = "com.apple.product-type.application";
		};
/* End PBXNativeTarget section */

/* Begin PBXProject section */
		92D235C5291D762B003B2CD1 /* Project object */ = {
			isa = PBXProject;
			attributes = {
				BuildIndependentTargetsInParallel = 1;
				LastSwiftUpdateCheck = 1400;
				LastUpgradeCheck = 1400;
				TargetAttributes = {
					92D235CC291D762B003B2CD1 = {
						CreatedOnToolsVersion = 14.0;
					};
				};
			};
			buildConfigurationList = 92D235C8291D762B003B2CD1 /* Build configuration list for PBXProject "ImageSearch" */;
			compatibilityVersion = "Xcode 14.0";
			developmentRegion = en;
			hasScannedForEncodings = 0;
			knownRegions = (
				en,
				Base,
			);
			mainGroup = 92D235C4291D762B003B2CD1;
			productRefGroup = 92D235CE291D762B003B2CD1 /* Products */;
			projectDirPath = "";
			projectRoot = "";
			targets = (
				92D235CC291D762B003B2CD1 /* ImageSearch */,
			);
		};
/* End PBXProject section */

/* Begin PBXResourcesBuildPhase section */
		92D235CB291D762B003B2CD1 /* Resources */ = {
			isa = PBXResourcesBuildPhase;
			buildActionMask = 2147483647;
			files = (
				92D235D8291D762D003B2CD1 /* Preview Assets.xcassets in Resources */,
				92D235D5291D762D003B2CD1 /* Assets.xcassets in Resources */,
			);
			runOnlyForDeploymentPostprocessing = 0;
		};
/* End PBXResourcesBuildPhase section */

/* Begin PBXSourcesBuildPhase section */
		92D235C9291D762B003B2CD1 /* Sources */ = {
			isa = PBXSourcesBuildPhase;
			buildActionMask = 2147483647;
			files = (
				92D235D3291D762B003B2CD1 /* ContentView.swift in Sources */,
				92D235EF291FB9A7003B2CD1 /* ImagesScreen.swift in Sources */,
				92D235F1291FB9D8003B2CD1 /* ImagesViewModel.swift in Sources */,
				92D235D1291D762B003B2CD1 /* ImageSearchApp.swift in Sources */,
				92D235EC291FB8BC003B2CD1 /* AppError.swift in Sources */,
				92D235E8291FB805003B2CD1 /* NetworkService.swift in Sources */,
				92D235EA291FB854003B2CD1 /* Resource.swift in Sources */,
				92D235E5291FB59E003B2CD1 /* ImagesResult.swift in Sources */,
			);
			runOnlyForDeploymentPostprocessing = 0;
		};
/* End PBXSourcesBuildPhase section */

/* Begin XCBuildConfiguration section */
		92D235D9291D762D003B2CD1 /* Debug */ = {
			isa = XCBuildConfiguration;
			buildSettings = {
				ALWAYS_SEARCH_USER_PATHS = NO;
				CLANG_ANALYZER_NONNULL = YES;
				CLANG_ANALYZER_NUMBER_OBJECT_CONVERSION = YES_AGGRESSIVE;
				CLANG_CXX_LANGUAGE_STANDARD = "gnu++20";
				CLANG_ENABLE_MODULES = YES;
				CLANG_ENABLE_OBJC_ARC = YES;
				CLANG_ENABLE_OBJC_WEAK = YES;
				CLANG_WARN_BLOCK_CAPTURE_AUTORELEASING = YES;
				CLANG_WARN_BOOL_CONVERSION = YES;
				CLANG_WARN_COMMA = YES;
				CLANG_WARN_CONSTANT_CONVERSION = YES;
				CLANG_WARN_DEPRECATED_OBJC_IMPLEMENTATIONS = YES;
				CLANG_WARN_DIRECT_OBJC_ISA_USAGE = YES_ERROR;
				CLANG_WARN_DOCUMENTATION_COMMENTS = YES;
				CLANG_WARN_EMPTY_BODY = YES;
				CLANG_WARN_ENUM_CONVERSION = YES;
				CLANG_WARN_INFINITE_RECURSION = YES;
				CLANG_WARN_INT_CONVERSION = YES;
				CLANG_WARN_NON_LITERAL_NULL_CONVERSION = YES;
				CLANG_WARN_OBJC_IMPLICIT_RETAIN_SELF = YES;
				CLANG_WARN_OBJC_LITERAL_CONVERSION = YES;
				CLANG_WARN_OBJC_ROOT_CLASS = YES_ERROR;
				CLANG_WARN_QUOTED_INCLUDE_IN_FRAMEWORK_HEADER = YES;
				CLANG_WARN_RANGE_LOOP_ANALYSIS = YES;
				CLANG_WARN_STRICT_PROTOTYPES = YES;
				CLANG_WARN_SUSPICIOUS_MOVE = YES;
				CLANG_WARN_UNGUARDED_AVAILABILITY = YES_AGGRESSIVE;
				CLANG_WARN_UNREACHABLE_CODE = YES;
				CLANG_WARN__DUPLICATE_METHOD_MATCH = YES;
				COPY_PHASE_STRIP = NO;
				DEBUG_INFORMATION_FORMAT = dwarf;
				ENABLE_STRICT_OBJC_MSGSEND = YES;
				ENABLE_TESTABILITY = YES;
				GCC_C_LANGUAGE_STANDARD = gnu11;
				GCC_DYNAMIC_NO_PIC = NO;
				GCC_NO_COMMON_BLOCKS = YES;
				GCC_OPTIMIZATION_LEVEL = 0;
				GCC_PREPROCESSOR_DEFINITIONS = (
					"DEBUG=1",
					"$(inherited)",
				);
				GCC_WARN_64_TO_32_BIT_CONVERSION = YES;
				GCC_WARN_ABOUT_RETURN_TYPE = YES_ERROR;
				GCC_WARN_UNDECLARED_SELECTOR = YES;
				GCC_WARN_UNINITIALIZED_AUTOS = YES_AGGRESSIVE;
				GCC_WARN_UNUSED_FUNCTION = YES;
				GCC_WARN_UNUSED_VARIABLE = YES;
				IPHONEOS_DEPLOYMENT_TARGET = 16.0;
				MTL_ENABLE_DEBUG_INFO = INCLUDE_SOURCE;
				MTL_FAST_MATH = YES;
				ONLY_ACTIVE_ARCH = YES;
				SDKROOT = iphoneos;
				SWIFT_ACTIVE_COMPILATION_CONDITIONS = DEBUG;
				SWIFT_OPTIMIZATION_LEVEL = "-Onone";
			};
			name = Debug;
		};
		92D235DA291D762D003B2CD1 /* Release */ = {
			isa = XCBuildConfiguration;
			buildSettings = {
				ALWAYS_SEARCH_USER_PATHS = NO;
				CLANG_ANALYZER_NONNULL = YES;
				CLANG_ANALYZER_NUMBER_OBJECT_CONVERSION = YES_AGGRESSIVE;
				CLANG_CXX_LANGUAGE_STANDARD = "gnu++20";
				CLANG_ENABLE_MODULES = YES;
				CLANG_ENABLE_OBJC_ARC = YES;
				CLANG_ENABLE_OBJC_WEAK = YES;
				CLANG_WARN_BLOCK_CAPTURE_AUTORELEASING = YES;
				CLANG_WARN_BOOL_CONVERSION = YES;
				CLANG_WARN_COMMA = YES;
				CLANG_WARN_CONSTANT_CONVERSION = YES;
				CLANG_WARN_DEPRECATED_OBJC_IMPLEMENTATIONS = YES;
				CLANG_WARN_DIRECT_OBJC_ISA_USAGE = YES_ERROR;
				CLANG_WARN_DOCUMENTATION_COMMENTS = YES;
				CLANG_WARN_EMPTY_BODY = YES;
				CLANG_WARN_ENUM_CONVERSION = YES;
				CLANG_WARN_INFINITE_RECURSION = YES;
				CLANG_WARN_INT_CONVERSION = YES;
				CLANG_WARN_NON_LITERAL_NULL_CONVERSION = YES;
				CLANG_WARN_OBJC_IMPLICIT_RETAIN_SELF = YES;
				CLANG_WARN_OBJC_LITERAL_CONVERSION = YES;
				CLANG_WARN_OBJC_ROOT_CLASS = YES_ERROR;
				CLANG_WARN_QUOTED_INCLUDE_IN_FRAMEWORK_HEADER = YES;
				CLANG_WARN_RANGE_LOOP_ANALYSIS = YES;
				CLANG_WARN_STRICT_PROTOTYPES = YES;
				CLANG_WARN_SUSPICIOUS_MOVE = YES;
				CLANG_WARN_UNGUARDED_AVAILABILITY = YES_AGGRESSIVE;
				CLANG_WARN_UNREACHABLE_CODE = YES;
				CLANG_WARN__DUPLICATE_METHOD_MATCH = YES;
				COPY_PHASE_STRIP = NO;
				DEBUG_INFORMATION_FORMAT = "dwarf-with-dsym";
				ENABLE_NS_ASSERTIONS = NO;
				ENABLE_STRICT_OBJC_MSGSEND = YES;
				GCC_C_LANGUAGE_STANDARD = gnu11;
				GCC_NO_COMMON_BLOCKS = YES;
				GCC_WARN_64_TO_32_BIT_CONVERSION = YES;
				GCC_WARN_ABOUT_RETURN_TYPE = YES_ERROR;
				GCC_WARN_UNDECLARED_SELECTOR = YES;
				GCC_WARN_UNINITIALIZED_AUTOS = YES_AGGRESSIVE;
				GCC_WARN_UNUSED_FUNCTION = YES;
				GCC_WARN_UNUSED_VARIABLE = YES;
				IPHONEOS_DEPLOYMENT_TARGET = 16.0;
				MTL_ENABLE_DEBUG_INFO = NO;
				MTL_FAST_MATH = YES;
				SDKROOT = iphoneos;
				SWIFT_COMPILATION_MODE = wholemodule;
				SWIFT_OPTIMIZATION_LEVEL = "-O";
				VALIDATE_PRODUCT = YES;
			};
			name = Release;
		};
		92D235DC291D762D003B2CD1 /* Debug */ = {
			isa = XCBuildConfiguration;
			buildSettings = {
				ASSETCATALOG_COMPILER_APPICON_NAME = AppIcon;
				ASSETCATALOG_COMPILER_GLOBAL_ACCENT_COLOR_NAME = AccentColor;
				CODE_SIGN_STYLE = Automatic;
				CURRENT_PROJECT_VERSION = 1;
				DEVELOPMENT_ASSET_PATHS = "\"ImageSearch/Preview Content\"";
				ENABLE_PREVIEWS = YES;
				GENERATE_INFOPLIST_FILE = YES;
				INFOPLIST_KEY_UIApplicationSceneManifest_Generation = YES;
				INFOPLIST_KEY_UIApplicationSupportsIndirectInputEvents = YES;
				INFOPLIST_KEY_UILaunchScreen_Generation = YES;
				INFOPLIST_KEY_UISupportedInterfaceOrientations_iPad = "UIInterfaceOrientationPortrait UIInterfaceOrientationPortraitUpsideDown UIInterfaceOrientationLandscapeLeft UIInterfaceOrientationLandscapeRight";
				INFOPLIST_KEY_UISupportedInterfaceOrientations_iPhone = "UIInterfaceOrientationPortrait UIInterfaceOrientationLandscapeLeft UIInterfaceOrientationLandscapeRight";
				LD_RUNPATH_SEARCH_PATHS = (
					"$(inherited)",
					"@executable_path/Frameworks",
				);
				MARKETING_VERSION = 1.0;
				PRODUCT_BUNDLE_IDENTIFIER = com.jnox.ImageSearch;
				PRODUCT_NAME = "$(TARGET_NAME)";
				SWIFT_EMIT_LOC_STRINGS = YES;
				SWIFT_VERSION = 5.0;
				TARGETED_DEVICE_FAMILY = "1,2";
			};
			name = Debug;
		};
		92D235DD291D762D003B2CD1 /* Release */ = {
			isa = XCBuildConfiguration;
			buildSettings = {
				ASSETCATALOG_COMPILER_APPICON_NAME = AppIcon;
				ASSETCATALOG_COMPILER_GLOBAL_ACCENT_COLOR_NAME = AccentColor;
				CODE_SIGN_STYLE = Automatic;
				CURRENT_PROJECT_VERSION = 1;
				DEVELOPMENT_ASSET_PATHS = "\"ImageSearch/Preview Content\"";
				ENABLE_PREVIEWS = YES;
				GENERATE_INFOPLIST_FILE = YES;
				INFOPLIST_KEY_UIApplicationSceneManifest_Generation = YES;
				INFOPLIST_KEY_UIApplicationSupportsIndirectInputEvents = YES;
				INFOPLIST_KEY_UILaunchScreen_Generation = YES;
				INFOPLIST_KEY_UISupportedInterfaceOrientations_iPad = "UIInterfaceOrientationPortrait UIInterfaceOrientationPortraitUpsideDown UIInterfaceOrientationLandscapeLeft UIInterfaceOrientationLandscapeRight";
				INFOPLIST_KEY_UISupportedInterfaceOrientations_iPhone = "UIInterfaceOrientationPortrait UIInterfaceOrientationLandscapeLeft UIInterfaceOrientationLandscapeRight";
				LD_RUNPATH_SEARCH_PATHS = (
					"$(inherited)",
					"@executable_path/Frameworks",
				);
				MARKETING_VERSION = 1.0;
				PRODUCT_BUNDLE_IDENTIFIER = com.jnox.ImageSearch;
				PRODUCT_NAME = "$(TARGET_NAME)";
				SWIFT_EMIT_LOC_STRINGS = YES;
				SWIFT_VERSION = 5.0;
				TARGETED_DEVICE_FAMILY = "1,2";
			};
			name = Release;
		};
/* End XCBuildConfiguration section */

/* Begin XCConfigurationList section */
		92D235C8291D762B003B2CD1 /* Build configuration list for PBXProject "ImageSearch" */ = {
			isa = XCConfigurationList;
			buildConfigurations = (
				92D235D9291D762D003B2CD1 /* Debug */,
				92D235DA291D762D003B2CD1 /* Release */,
			);
			defaultConfigurationIsVisible = 0;
			defaultConfigurationName = Release;
		};
		92D235DB291D762D003B2CD1 /* Build configuration list for PBXNativeTarget "ImageSearch" */ = {
			isa = XCConfigurationList;
			buildConfigurations = (
				92D235DC291D762D003B2CD1 /* Debug */,
				92D235DD291D762D003B2CD1 /* Release */,
			);
			defaultConfigurationIsVisible = 0;
			defaultConfigurationName = Release;
		};
/* End XCConfigurationList section */
	};
	rootObject = 92D235C5291D762B003B2CD1 /* Project object */;
}
